{
  "name": "nodejs-integration",
  "version": "1.0.0",
  "lockfileVersion": 3,
  "requires": true,
  "packages": {
    "": {
      "name": "nodejs-integration",
      "version": "1.0.0",
      "license": "ISC",
      "dependencies": {
        "@openfeature/server-sdk": "^1.18.0"
      }
    },
    "node_modules/@openfeature/core": {
      "version": "1.8.0",
      "resolved": "https://registry.npmjs.org/@openfeature/core/-/core-1.8.0.tgz",
      "integrity": "sha512-FX/B6yMD2s4BlMKtB0PqSMl94eLaTwh0VK9URcMvjww0hqMOeGZnGv4uv9O5E58krAan7yCOCm4NBCoh2IATqw==",
      "license": "Apache-2.0",
      "peer": true
    },
    "node_modules/@openfeature/server-sdk": {
      "version": "1.18.0",
      "resolved": "https://registry.npmjs.org/@openfeature/server-sdk/-/server-sdk-1.18.0.tgz",
      "integrity": "sha512-uP8nqEGBS58s3iWXx6d8vnJ6ZVt3DACJL4PWADOAuwIS4xXpID91783e9f6zQ0i1ijQpj3yx+3ZuCB2LfQMUMA==",
      "license": "Apache-2.0",
      "engines": {
        "node": ">=18"
      },
      "peerDependencies": {
        "@openfeature/core": "^1.7.0"
      }
    }
  }
}
